// !$*UTF8*$!
{
	archiveVersion = 1;
	classes = {
	};
	objectVersion = 50;
	objects = {

/* Begin PBXBuildFile section */
		04D52AD825CAE1CD002B8728 /* AppDelegate.swift in Sources */ = {isa = PBXBuildFile; fileRef = 04D52AD725CAE1CD002B8728 /* AppDelegate.swift */; };
		04D52ADA25CAE1CD002B8728 /* SceneDelegate.swift in Sources */ = {isa = PBXBuildFile; fileRef = 04D52AD925CAE1CD002B8728 /* SceneDelegate.swift */; };
		04D52ADC25CAE1CD002B8728 /* ViewController.swift in Sources */ = {isa = PBXBuildFile; fileRef = 04D52ADB25CAE1CD002B8728 /* ViewController.swift */; };
		04D52ADF25CAE1CD002B8728 /* Main.storyboard in Resources */ = {isa = PBXBuildFile; fileRef = 04D52ADD25CAE1CD002B8728 /* Main.storyboard */; };
		04D52AE125CAE1CF002B8728 /* Assets.xcassets in Resources */ = {isa = PBXBuildFile; fileRef = 04D52AE025CAE1CF002B8728 /* Assets.xcassets */; };
		04D52AE425CAE1CF002B8728 /* LaunchScreen.storyboard in Resources */ = {isa = PBXBuildFile; fileRef = 04D52AE225CAE1CF002B8728 /* LaunchScreen.storyboard */; };
		04D52AEF25CAE1CF002B8728 /* TechMonTests.swift in Sources */ = {isa = PBXBuildFile; fileRef = 04D52AEE25CAE1CF002B8728 /* TechMonTests.swift */; };
		04D52AFA25CAE1CF002B8728 /* TechMonUITests.swift in Sources */ = {isa = PBXBuildFile; fileRef = 04D52AF925CAE1CF002B8728 /* TechMonUITests.swift */; };
/* End PBXBuildFile section */

/* Begin PBXContainerItemProxy section */
		04D52AEB25CAE1CF002B8728 /* PBXContainerItemProxy */ = {
			isa = PBXContainerItemProxy;
			containerPortal = 04D52ACC25CAE1CD002B8728 /* Project object */;
			proxyType = 1;
			remoteGlobalIDString = 04D52AD325CAE1CD002B8728;
			remoteInfo = TechMon;
		};
		04D52AF625CAE1CF002B8728 /* PBXContainerItemProxy */ = {
			isa = PBXContainerItemProxy;
			containerPortal = 04D52ACC25CAE1CD002B8728 /* Project object */;
			proxyType = 1;
			remoteGlobalIDString = 04D52AD325CAE1CD002B8728;
			remoteInfo = TechMon;
		};
/* End PBXContainerItemProxy section */

/* Begin PBXFileReference section */
		04D52AD425CAE1CD002B8728 /* TechMon.app */ = {isa = PBXFileReference; explicitFileType = wrapper.application; includeInIndex = 0; path = TechMon.app; sourceTree = BUILT_PRODUCTS_DIR; };
		04D52AD725CAE1CD002B8728 /* AppDelegate.swift */ = {isa = PBXFileReference; lastKnownFileType = sourcecode.swift; path = AppDelegate.swift; sourceTree = "<group>"; };
		04D52AD925CAE1CD002B8728 /* SceneDelegate.swift */ = {isa = PBXFileReference; lastKnownFileType = sourcecode.swift; path = SceneDelegate.swift; sourceTree = "<group>"; };
		04D52ADB25CAE1CD002B8728 /* ViewController.swift */ = {isa = PBXFileReference; lastKnownFileType = sourcecode.swift; path = ViewController.swift; sourceTree = "<group>"; };
		04D52ADE25CAE1CD002B8728 /* Base */ = {isa = PBXFileReference; lastKnownFileType = file.storyboard; name = Base; path = Base.lproj/Main.storyboard; sourceTree = "<group>"; };
		04D52AE025CAE1CF002B8728 /* Assets.xcassets */ = {isa = PBXFileReference; lastKnownFileType = folder.assetcatalog; path = Assets.xcassets; sourceTree = "<group>"; };
		04D52AE325CAE1CF002B8728 /* Base */ = {isa = PBXFileReference; lastKnownFileType = file.storyboard; name = Base; path = Base.lproj/LaunchScreen.storyboard; sourceTree = "<group>"; };
		04D52AE525CAE1CF002B8728 /* Info.plist */ = {isa = PBXFileReference; lastKnownFileType = text.plist.xml; path = Info.plist; sourceTree = "<group>"; };
		04D52AEA25CAE1CF002B8728 /* TechMonTests.xctest */ = {isa = PBXFileReference; explicitFileType = wrapper.cfbundle; includeInIndex = 0; path = TechMonTests.xctest; sourceTree = BUILT_PRODUCTS_DIR; };
		04D52AEE25CAE1CF002B8728 /* TechMonTests.swift */ = {isa = PBXFileReference; lastKnownFileType = sourcecode.swift; path = TechMonTests.swift; sourceTree = "<group>"; };
		04D52AF025CAE1CF002B8728 /* Info.plist */ = {isa = PBXFileReference; lastKnownFileType = text.plist.xml; path = Info.plist; sourceTree = "<group>"; };
		04D52AF525CAE1CF002B8728 /* TechMonUITests.xctest */ = {isa = PBXFileReference; explicitFileType = wrapper.cfbundle; includeInIndex = 0; path = TechMonUITests.xctest; sourceTree = BUILT_PRODUCTS_DIR; };
		04D52AF925CAE1CF002B8728 /* TechMonUITests.swift */ = {isa = PBXFileReference; lastKnownFileType = sourcecode.swift; path = TechMonUITests.swift; sourceTree = "<group>"; };
		04D52AFB25CAE1CF002B8728 /* Info.plist */ = {isa = PBXFileReference; lastKnownFileType = text.plist.xml; path = Info.plist; sourceTree = "<group>"; };
/* End PBXFileReference section */

/* Begin PBXFrameworksBuildPhase section */
		04D52AD125CAE1CD002B8728 /* Frameworks */ = {
			isa = PBXFrameworksBuildPhase;
			buildActionMask = 2147483647;
			files = (
			);
			runOnlyForDeploymentPostprocessing = 0;
		};
		04D52AE725CAE1CF002B8728 /* Frameworks */ = {
			isa = PBXFrameworksBuildPhase;
			buildActionMask = 2147483647;
			files = (
			);
			runOnlyForDeploymentPostprocessing = 0;
		};
		04D52AF225CAE1CF002B8728 /* Frameworks */ = {
			isa = PBXFrameworksBuildPhase;
			buildActionMask = 2147483647;
			files = (
			);
			runOnlyForDeploymentPostprocessing = 0;
		};
/* End PBXFrameworksBuildPhase section */

/* Begin PBXGroup section */
		04D52ACB25CAE1CD002B8728 = {
			isa = PBXGroup;
			children = (
				04D52AD625CAE1CD002B8728 /* TechMon */,
				04D52AED25CAE1CF002B8728 /* TechMonTests */,
				04D52AF825CAE1CF002B8728 /* TechMonUITests */,
				04D52AD525CAE1CD002B8728 /* Products */,
			);
			sourceTree = "<group>";
		};
		04D52AD525CAE1CD002B8728 /* Products */ = {
			isa = PBXGroup;
			children = (
				04D52AD425CAE1CD002B8728 /* TechMon.app */,
				04D52AEA25CAE1CF002B8728 /* TechMonTests.xctest */,
				04D52AF525CAE1CF002B8728 /* TechMonUITests.xctest */,
			);
			name = Products;
			sourceTree = "<group>";
		};
		04D52AD625CAE1CD002B8728 /* TechMon */ = {
			isa = PBXGroup;
			children = (
				04D52AD725CAE1CD002B8728 /* AppDelegate.swift */,
				04D52AD925CAE1CD002B8728 /* SceneDelegate.swift */,
				04D52ADB25CAE1CD002B8728 /* ViewController.swift */,
				04D52ADD25CAE1CD002B8728 /* Main.storyboard */,
				04D52AE025CAE1CF002B8728 /* Assets.xcassets */,
				04D52AE225CAE1CF002B8728 /* LaunchScreen.storyboard */,
				04D52AE525CAE1CF002B8728 /* Info.plist */,
			);
			path = TechMon;
			sourceTree = "<group>";
		};
		04D52AED25CAE1CF002B8728 /* TechMonTests */ = {
			isa = PBXGroup;
			children = (
				04D52AEE25CAE1CF002B8728 /* TechMonTests.swift */,
				04D52AF025CAE1CF002B8728 /* Info.plist */,
			);
			path = TechMonTests;
			sourceTree = "<group>";
		};
		04D52AF825CAE1CF002B8728 /* TechMonUITests */ = {
			isa = PBXGroup;
			children = (
				04D52AF925CAE1CF002B8728 /* TechMonUITests.swift */,
				04D52AFB25CAE1CF002B8728 /* Info.plist */,
			);
			path = TechMonUITests;
			sourceTree = "<group>";
		};
/* End PBXGroup section */

/* Begin PBXNativeTarget section */
		04D52AD325CAE1CD002B8728 /* TechMon */ = {
			isa = PBXNativeTarget;
			buildConfigurationList = 04D52AFE25CAE1CF002B8728 /* Build configuration list for PBXNativeTarget "TechMon" */;
			buildPhases = (
				04D52AD025CAE1CD002B8728 /* Sources */,
				04D52AD125CAE1CD002B8728 /* Frameworks */,
				04D52AD225CAE1CD002B8728 /* Resources */,
			);
			buildRules = (
			);
			dependencies = (
			);
			name = TechMon;
			productName = TechMon;
			productReference = 04D52AD425CAE1CD002B8728 /* TechMon.app */;
			productType = "com.apple.product-type.application";
		};
		04D52AE925CAE1CF002B8728 /* TechMonTests */ = {
			isa = PBXNativeTarget;
			buildConfigurationList = 04D52B0125CAE1CF002B8728 /* Build configuration list for PBXNativeTarget "TechMonTests" */;
			buildPhases = (
				04D52AE625CAE1CF002B8728 /* Sources */,
				04D52AE725CAE1CF002B8728 /* Frameworks */,
				04D52AE825CAE1CF002B8728 /* Resources */,
			);
			buildRules = (
			);
			dependencies = (
				04D52AEC25CAE1CF002B8728 /* PBXTargetDependency */,
			);
			name = TechMonTests;
			productName = TechMonTests;
			productReference = 04D52AEA25CAE1CF002B8728 /* TechMonTests.xctest */;
			productType = "com.apple.product-type.bundle.unit-test";
		};
		04D52AF425CAE1CF002B8728 /* TechMonUITests */ = {
			isa = PBXNativeTarget;
			buildConfigurationList = 04D52B0425CAE1CF002B8728 /* Build configuration list for PBXNativeTarget "TechMonUITests" */;
			buildPhases = (
				04D52AF125CAE1CF002B8728 /* Sources */,
				04D52AF225CAE1CF002B8728 /* Frameworks */,
				04D52AF325CAE1CF002B8728 /* Resources */,
			);
			buildRules = (
			);
			dependencies = (
				04D52AF725CAE1CF002B8728 /* PBXTargetDependency */,
			);
			name = TechMonUITests;
			productName = TechMonUITests;
			productReference = 04D52AF525CAE1CF002B8728 /* TechMonUITests.xctest */;
			productType = "com.apple.product-type.bundle.ui-testing";
		};
/* End PBXNativeTarget section */

/* Begin PBXProject section */
		04D52ACC25CAE1CD002B8728 /* Project object */ = {
			isa = PBXProject;
			attributes = {
				LastSwiftUpdateCheck = 1240;
				LastUpgradeCheck = 1240;
				TargetAttributes = {
					04D52AD325CAE1CD002B8728 = {
						CreatedOnToolsVersion = 12.4;
					};
					04D52AE925CAE1CF002B8728 = {
						CreatedOnToolsVersion = 12.4;
						TestTargetID = 04D52AD325CAE1CD002B8728;
					};
					04D52AF425CAE1CF002B8728 = {
						CreatedOnToolsVersion = 12.4;
						TestTargetID = 04D52AD325CAE1CD002B8728;
					};
				};
			};
			buildConfigurationList = 04D52ACF25CAE1CD002B8728 /* Build configuration list for PBXProject "TechMon" */;
			compatibilityVersion = "Xcode 9.3";
			developmentRegion = en;
			hasScannedForEncodings = 0;
			knownRegions = (
				en,
				Base,
			);
			mainGroup = 04D52ACB25CAE1CD002B8728;
			productRefGroup = 04D52AD525CAE1CD002B8728 /* Products */;
			projectDirPath = "";
			projectRoot = "";
			targets = (
				04D52AD325CAE1CD002B8728 /* TechMon */,
				04D52AE925CAE1CF002B8728 /* TechMonTests */,
				04D52AF425CAE1CF002B8728 /* TechMonUITests */,
			);
		};
/* End PBXProject section */

/* Begin PBXResourcesBuildPhase section */
		04D52AD225CAE1CD002B8728 /* Resources */ = {
			isa = PBXResourcesBuildPhase;
			buildActionMask = 2147483647;
			files = (
				04D52AE425CAE1CF002B8728 /* LaunchScreen.storyboard in Resources */,
				04D52AE125CAE1CF002B8728 /* Assets.xcassets in Resources */,
				04D52ADF25CAE1CD002B8728 /* Main.storyboard in Resources */,
			);
			runOnlyForDeploymentPostprocessing = 0;
		};
		04D52AE825CAE1CF002B8728 /* Resources */ = {
			isa = PBXResourcesBuildPhase;
			buildActionMask = 2147483647;
			files = (
			);
			runOnlyForDeploymentPostprocessing = 0;
		};
		04D52AF325CAE1CF002B8728 /* Resources */ = {
			isa = PBXResourcesBuildPhase;
			buildActionMask = 2147483647;
			files = (
			);
			runOnlyForDeploymentPostprocessing = 0;
		};
/* End PBXResourcesBuildPhase section */

/* Begin PBXSourcesBuildPhase section */
		04D52AD025CAE1CD002B8728 /* Sources */ = {
			isa = PBXSourcesBuildPhase;
			buildActionMask = 2147483647;
			files = (
				04D52ADC25CAE1CD002B8728 /* ViewController.swift in Sources */,
				04D52AD825CAE1CD002B8728 /* AppDelegate.swift in Sources */,
				04D52ADA25CAE1CD002B8728 /* SceneDelegate.swift in Sources */,
			);
			runOnlyForDeploymentPostprocessing = 0;
		};
		04D52AE625CAE1CF002B8728 /* Sources */ = {
			isa = PBXSourcesBuildPhase;
			buildActionMask = 2147483647;
			files = (
				04D52AEF25CAE1CF002B8728 /* TechMonTests.swift in Sources */,
			);
			runOnlyForDeploymentPostprocessing = 0;
		};
		04D52AF125CAE1CF002B8728 /* Sources */ = {
			isa = PBXSourcesBuildPhase;
			buildActionMask = 2147483647;
			files = (
				04D52AFA25CAE1CF002B8728 /* TechMonUITests.swift in Sources */,
			);
			runOnlyForDeploymentPostprocessing = 0;
		};
/* End PBXSourcesBuildPhase section */

/* Begin PBXTargetDependency section */
		04D52AEC25CAE1CF002B8728 /* PBXTargetDependency */ = {
			isa = PBXTargetDependency;
			target = 04D52AD325CAE1CD002B8728 /* TechMon */;
			targetProxy = 04D52AEB25CAE1CF002B8728 /* PBXContainerItemProxy */;
		};
		04D52AF725CAE1CF002B8728 /* PBXTargetDependency */ = {
			isa = PBXTargetDependency;
			target = 04D52AD325CAE1CD002B8728 /* TechMon */;
			targetProxy = 04D52AF625CAE1CF002B8728 /* PBXContainerItemProxy */;
		};
/* End PBXTargetDependency section */

/* Begin PBXVariantGroup section */
		04D52ADD25CAE1CD002B8728 /* Main.storyboard */ = {
			isa = PBXVariantGroup;
			children = (
				04D52ADE25CAE1CD002B8728 /* Base */,
			);
			name = Main.storyboard;
			sourceTree = "<group>";
		};
		04D52AE225CAE1CF002B8728 /* LaunchScreen.storyboard */ = {
			isa = PBXVariantGroup;
			children = (
				04D52AE325CAE1CF002B8728 /* Base */,
			);
			name = LaunchScreen.storyboard;
			sourceTree = "<group>";
		};
/* End PBXVariantGroup section */

/* Begin XCBuildConfiguration section */
		04D52AFC25CAE1CF002B8728 /* Debug */ = {
			isa = XCBuildConfiguration;
			buildSettings = {
				ALWAYS_SEARCH_USER_PATHS = NO;
				CLANG_ANALYZER_NONNULL = YES;
				CLANG_ANALYZER_NUMBER_OBJECT_CONVERSION = YES_AGGRESSIVE;
				CLANG_CXX_LANGUAGE_STANDARD = "gnu++14";
				CLANG_CXX_LIBRARY = "libc++";
				CLANG_ENABLE_MODULES = YES;
				CLANG_ENABLE_OBJC_ARC = YES;
				CLANG_ENABLE_OBJC_WEAK = YES;
				CLANG_WARN_BLOCK_CAPTURE_AUTORELEASING = YES;
				CLANG_WARN_BOOL_CONVERSION = YES;
				CLANG_WARN_COMMA = YES;
				CLANG_WARN_CONSTANT_CONVERSION = YES;
				CLANG_WARN_DEPRECATED_OBJC_IMPLEMENTATIONS = YES;
				CLANG_WARN_DIRECT_OBJC_ISA_USAGE = YES_ERROR;
				CLANG_WARN_DOCUMENTATION_COMMENTS = YES;
				CLANG_WARN_EMPTY_BODY = YES;
				CLANG_WARN_ENUM_CONVERSION = YES;
				CLANG_WARN_INFINITE_RECURSION = YES;
				CLANG_WARN_INT_CONVERSION = YES;
				CLANG_WARN_NON_LITERAL_NULL_CONVERSION = YES;
				CLANG_WARN_OBJC_IMPLICIT_RETAIN_SELF = YES;
				CLANG_WARN_OBJC_LITERAL_CONVERSION = YES;
				CLANG_WARN_OBJC_ROOT_CLASS = YES_ERROR;
				CLANG_WARN_QUOTED_INCLUDE_IN_FRAMEWORK_HEADER = YES;
				CLANG_WARN_RANGE_LOOP_ANALYSIS = YES;
				CLANG_WARN_STRICT_PROTOTYPES = YES;
				CLANG_WARN_SUSPICIOUS_MOVE = YES;
				CLANG_WARN_UNGUARDED_AVAILABILITY = YES_AGGRESSIVE;
				CLANG_WARN_UNREACHABLE_CODE = YES;
				CLANG_WARN__DUPLICATE_METHOD_MATCH = YES;
				COPY_PHASE_STRIP = NO;
				DEBUG_INFORMATION_FORMAT = dwarf;
				ENABLE_STRICT_OBJC_MSGSEND = YES;
				ENABLE_TESTABILITY = YES;
				GCC_C_LANGUAGE_STANDARD = gnu11;
				GCC_DYNAMIC_NO_PIC = NO;
				GCC_NO_COMMON_BLOCKS = YES;
				GCC_OPTIMIZATION_LEVEL = 0;
				GCC_PREPROCESSOR_DEFINITIONS = (
					"DEBUG=1",
					"$(inherited)",
				);
				GCC_WARN_64_TO_32_BIT_CONVERSION = YES;
				GCC_WARN_ABOUT_RETURN_TYPE = YES_ERROR;
				GCC_WARN_UNDECLARED_SELECTOR = YES;
				GCC_WARN_UNINITIALIZED_AUTOS = YES_AGGRESSIVE;
				GCC_WARN_UNUSED_FUNCTION = YES;
				GCC_WARN_UNUSED_VARIABLE = YES;
				IPHONEOS_DEPLOYMENT_TARGET = 14.4;
				MTL_ENABLE_DEBUG_INFO = INCLUDE_SOURCE;
				MTL_FAST_MATH = YES;
				ONLY_ACTIVE_ARCH = YES;
				SDKROOT = iphoneos;
				SWIFT_ACTIVE_COMPILATION_CONDITIONS = DEBUG;
				SWIFT_OPTIMIZATION_LEVEL = "-Onone";
			};
			name = Debug;
		};
		04D52AFD25CAE1CF002B8728 /* Release */ = {
			isa = XCBuildConfiguration;
			buildSettings = {
				ALWAYS_SEARCH_USER_PATHS = NO;
				CLANG_ANALYZER_NONNULL = YES;
				CLANG_ANALYZER_NUMBER_OBJECT_CONVERSION = YES_AGGRESSIVE;
				CLANG_CXX_LANGUAGE_STANDARD = "gnu++14";
				CLANG_CXX_LIBRARY = "libc++";
				CLANG_ENABLE_MODULES = YES;
				CLANG_ENABLE_OBJC_ARC = YES;
				CLANG_ENABLE_OBJC_WEAK = YES;
				CLANG_WARN_BLOCK_CAPTURE_AUTORELEASING = YES;
				CLANG_WARN_BOOL_CONVERSION = YES;
				CLANG_WARN_COMMA = YES;
				CLANG_WARN_CONSTANT_CONVERSION = YES;
				CLANG_WARN_DEPRECATED_OBJC_IMPLEMENTATIONS = YES;
				CLANG_WARN_DIRECT_OBJC_ISA_USAGE = YES_ERROR;
				CLANG_WARN_DOCUMENTATION_COMMENTS = YES;
				CLANG_WARN_EMPTY_BODY = YES;
				CLANG_WARN_ENUM_CONVERSION = YES;
				CLANG_WARN_INFINITE_RECURSION = YES;
				CLANG_WARN_INT_CONVERSION = YES;
				CLANG_WARN_NON_LITERAL_NULL_CONVERSION = YES;
				CLANG_WARN_OBJC_IMPLICIT_RETAIN_SELF = YES;
				CLANG_WARN_OBJC_LITERAL_CONVERSION = YES;
				CLANG_WARN_OBJC_ROOT_CLASS = YES_ERROR;
				CLANG_WARN_QUOTED_INCLUDE_IN_FRAMEWORK_HEADER = YES;
				CLANG_WARN_RANGE_LOOP_ANALYSIS = YES;
				CLANG_WARN_STRICT_PROTOTYPES = YES;
				CLANG_WARN_SUSPICIOUS_MOVE = YES;
				CLANG_WARN_UNGUARDED_AVAILABILITY = YES_AGGRESSIVE;
				CLANG_WARN_UNREACHABLE_CODE = YES;
				CLANG_WARN__DUPLICATE_METHOD_MATCH = YES;
				COPY_PHASE_STRIP = NO;
				DEBUG_INFORMATION_FORMAT = "dwarf-with-dsym";
				ENABLE_NS_ASSERTIONS = NO;
				ENABLE_STRICT_OBJC_MSGSEND = YES;
				GCC_C_LANGUAGE_STANDARD = gnu11;
				GCC_NO_COMMON_BLOCKS = YES;
				GCC_WARN_64_TO_32_BIT_CONVERSION = YES;
				GCC_WARN_ABOUT_RETURN_TYPE = YES_ERROR;
				GCC_WARN_UNDECLARED_SELECTOR = YES;
				GCC_WARN_UNINITIALIZED_AUTOS = YES_AGGRESSIVE;
				GCC_WARN_UNUSED_FUNCTION = YES;
				GCC_WARN_UNUSED_VARIABLE = YES;
				IPHONEOS_DEPLOYMENT_TARGET = 14.4;
				MTL_ENABLE_DEBUG_INFO = NO;
				MTL_FAST_MATH = YES;
				SDKROOT = iphoneos;
				SWIFT_COMPILATION_MODE = wholemodule;
				SWIFT_OPTIMIZATION_LEVEL = "-O";
				VALIDATE_PRODUCT = YES;
			};
			name = Release;
		};
		04D52AFF25CAE1CF002B8728 /* Debug */ = {
			isa = XCBuildConfiguration;
			buildSettings = {
				ASSETCATALOG_COMPILER_APPICON_NAME = AppIcon;
				ASSETCATALOG_COMPILER_GLOBAL_ACCENT_COLOR_NAME = AccentColor;
				CODE_SIGN_STYLE = Automatic;
				INFOPLIST_FILE = TechMon/Info.plist;
				LD_RUNPATH_SEARCH_PATHS = (
					"$(inherited)",
					"@executable_path/Frameworks",
				);
				PRODUCT_BUNDLE_IDENTIFIER = app.goto.anchan.TechMon;
				PRODUCT_NAME = "$(TARGET_NAME)";
				SWIFT_VERSION = 5.0;
				TARGETED_DEVICE_FAMILY = "1,2";
			};
			name = Debug;
		};
		04D52B0025CAE1CF002B8728 /* Release */ = {
			isa = XCBuildConfiguration;
			buildSettings = {
				ASSETCATALOG_COMPILER_APPICON_NAME = AppIcon;
				ASSETCATALOG_COMPILER_GLOBAL_ACCENT_COLOR_NAME = AccentColor;
				CODE_SIGN_STYLE = Automatic;
				INFOPLIST_FILE = TechMon/Info.plist;
				LD_RUNPATH_SEARCH_PATHS = (
					"$(inherited)",
					"@executable_path/Frameworks",
				);
				PRODUCT_BUNDLE_IDENTIFIER = app.goto.anchan.TechMon;
				PRODUCT_NAME = "$(TARGET_NAME)";
				SWIFT_VERSION = 5.0;
				TARGETED_DEVICE_FAMILY = "1,2";
			};
			name = Release;
		};
		04D52B0225CAE1CF002B8728 /* Debug */ = {
			isa = XCBuildConfiguration;
			buildSettings = {
				ALWAYS_EMBED_SWIFT_STANDARD_LIBRARIES = YES;
				BUNDLE_LOADER = "$(TEST_HOST)";
				CODE_SIGN_STYLE = Automatic;
				INFOPLIST_FILE = TechMonTests/Info.plist;
				IPHONEOS_DEPLOYMENT_TARGET = 14.4;
				LD_RUNPATH_SEARCH_PATHS = (
					"$(inherited)",
					"@executable_path/Frameworks",
					"@loader_path/Frameworks",
				);
				PRODUCT_BUNDLE_IDENTIFIER = app.goto.anchan.TechMonTests;
				PRODUCT_NAME = "$(TARGET_NAME)";
				SWIFT_VERSION = 5.0;
				TARGETED_DEVICE_FAMILY = "1,2";
				TEST_HOST = "$(BUILT_PRODUCTS_DIR)/TechMon.app/TechMon";
			};
			name = Debug;
		};
		04D52B0325CAE1CF002B8728 /* Release */ = {
			isa = XCBuildConfiguration;
			buildSettings = {
				ALWAYS_EMBED_SWIFT_STANDARD_LIBRARIES = YES;
				BUNDLE_LOADER = "$(TEST_HOST)";
				CODE_SIGN_STYLE = Automatic;
				INFOPLIST_FILE = TechMonTests/Info.plist;
				IPHONEOS_DEPLOYMENT_TARGET = 14.4;
				LD_RUNPATH_SEARCH_PATHS = (
					"$(inherited)",
					"@executable_path/Frameworks",
					"@loader_path/Frameworks",
				);
				PRODUCT_BUNDLE_IDENTIFIER = app.goto.anchan.TechMonTests;
				PRODUCT_NAME = "$(TARGET_NAME)";
				SWIFT_VERSION = 5.0;
				TARGETED_DEVICE_FAMILY = "1,2";
				TEST_HOST = "$(BUILT_PRODUCTS_DIR)/TechMon.app/TechMon";
			};
			name = Release;
		};
		04D52B0525CAE1CF002B8728 /* Debug */ = {
			isa = XCBuildConfiguration;
			buildSettings = {
				ALWAYS_EMBED_SWIFT_STANDARD_LIBRARIES = YES;
				CODE_SIGN_STYLE = Automatic;
				INFOPLIST_FILE = TechMonUITests/Info.plist;
				LD_RUNPATH_SEARCH_PATHS = (
					"$(inherited)",
					"@executable_path/Frameworks",
					"@loader_path/Frameworks",
				);
				PRODUCT_BUNDLE_IDENTIFIER = app.goto.anchan.TechMonUITests;
				PRODUCT_NAME = "$(TARGET_NAME)";
				SWIFT_VERSION = 5.0;
				TARGETED_DEVICE_FAMILY = "1,2";
				TEST_TARGET_NAME = TechMon;
			};
			name = Debug;
		};
		04D52B0625CAE1CF002B8728 /* Release */ = {
			isa = XCBuildConfiguration;
			buildSettings = {
				ALWAYS_EMBED_SWIFT_STANDARD_LIBRARIES = YES;
				CODE_SIGN_STYLE = Automatic;
				INFOPLIST_FILE = TechMonUITests/Info.plist;
				LD_RUNPATH_SEARCH_PATHS = (
					"$(inherited)",
					"@executable_path/Frameworks",
					"@loader_path/Frameworks",
				);
				PRODUCT_BUNDLE_IDENTIFIER = app.goto.anchan.TechMonUITests;
				PRODUCT_NAME = "$(TARGET_NAME)";
				SWIFT_VERSION = 5.0;
				TARGETED_DEVICE_FAMILY = "1,2";
				TEST_TARGET_NAME = TechMon;
			};
			name = Release;
		};
/* End XCBuildConfiguration section */

/* Begin XCConfigurationList section */
		04D52ACF25CAE1CD002B8728 /* Build configuration list for PBXProject "TechMon" */ = {
			isa = XCConfigurationList;
			buildConfigurations = (
				04D52AFC25CAE1CF002B8728 /* Debug */,
				04D52AFD25CAE1CF002B8728 /* Release */,
			);
			defaultConfigurationIsVisible = 0;
			defaultConfigurationName = Release;
		};
		04D52AFE25CAE1CF002B8728 /* Build configuration list for PBXNativeTarget "TechMon" */ = {
			isa = XCConfigurationList;
			buildConfigurations = (
				04D52AFF25CAE1CF002B8728 /* Debug */,
				04D52B0025CAE1CF002B8728 /* Release */,
			);
			defaultConfigurationIsVisible = 0;
			defaultConfigurationName = Release;
		};
		04D52B0125CAE1CF002B8728 /* Build configuration list for PBXNativeTarget "TechMonTests" */ = {
			isa = XCConfigurationList;
			buildConfigurations = (
				04D52B0225CAE1CF002B8728 /* Debug */,
				04D52B0325CAE1CF002B8728 /* Release */,
			);
			defaultConfigurationIsVisible = 0;
			defaultConfigurationName = Release;
		};
		04D52B0425CAE1CF002B8728 /* Build configuration list for PBXNativeTarget "TechMonUITests" */ = {
			isa = XCConfigurationList;
			buildConfigurations = (
				04D52B0525CAE1CF002B8728 /* Debug */,
				04D52B0625CAE1CF002B8728 /* Release */,
			);
			defaultConfigurationIsVisible = 0;
			defaultConfigurationName = Release;
		};
/* End XCConfigurationList section */
	};
	rootObject = 04D52ACC25CAE1CD002B8728 /* Project object */;
}
